{
  "name": "samuelthompson.react",
  "version": "0.1.0",
  "lockfileVersion": 1,
  "requires": true,
  "dependencies": {
    "react-progressive-image": {
      "version": "0.3.0",
      "resolved": "https://registry.npmjs.org/react-progressive-image/-/react-progressive-image-0.3.0.tgz",
      "integrity": "sha1-3SjimcR0IW8tZA3vXUvFsJrqdFc="
    }
  }
}
